
Microsoft Visual Studio Solution File, Format Version 12.00
# Visual Studio Version 16
VisualStudioVersion = 16.0.31229.75
MinimumVisualStudioVersion = 10.0.40219.1
Project("{FAE04EC0-301F-11D3-BF4B-00C04F79EFBC}") = "Engine", "Engine\Engine.csproj", "{58385C61-3959-4CF5-8B5E-763BCB254D91}"
EndProject
Project("{FAE04EC0-301F-11D3-BF4B-00C04F79EFBC}") = "Ui", "Ui\Ui.csproj", "{08F98F54-C402-44B0-9245-7EFDC815B705}"
EndProject
Project("{FAE04EC0-301F-11D3-BF4B-00C04F79EFBC}") = "DataGen", "DataGen\DataGen.csproj", "{0513477A-C090-4DD5-B5C0-FA84738F9E8E}"
EndProject
Project("{FAE04EC0-301F-11D3-BF4B-00C04F79EFBC}") = "SyncApp2", "SyncApp2\SyncApp2.csproj", "{AEC12290-7F07-4D28-A9B6-442387EEB46A}"
EndProject
Project("{2150E333-8FDC-42A3-9474-1A3956D46DE8}") = "Doc", "Doc", "{AC9D555F-DC17-4E9E-839D-B5E207F90DED}"
	ProjectSection(SolutionItems) = preProject
		..\Doc\change tracking scripts.txt = ..\Doc\change tracking scripts.txt
		..\Doc\clear.sql = ..\Doc\clear.sql
		..\Doc\data errors.txt = ..\Doc\data errors.txt
		..\Doc\version history.txt = ..\Doc\version history.txt
	EndProjectSection
EndProject
Project("{FAE04EC0-301F-11D3-BF4B-00C04F79EFBC}") = "MsSqlAdp", "MsSqlAdp\MsSqlAdp.csproj", "{0149D36C-CBCC-4A1E-BF03-DC9CB1CE1351}"
EndProject
Project("{FAE04EC0-301F-11D3-BF4B-00C04F79EFBC}") = "SqlCommon", "SqlCommon\SqlCommon.csproj", "{CF69020F-EE0C-40FF-9C48-CFD817F2548A}"
EndProject
Project("{2150E333-8FDC-42A3-9474-1A3956D46DE8}") = "Sql", "Sql", "{44EF0963-77EF-498C-9328-82347498AB50}"
EndProject
Project("{2150E333-8FDC-42A3-9474-1A3956D46DE8}") = "Apps", "Apps", "{9010B6DE-29AA-4441-9785-4BBC62444583}"
EndProject
Project("{2150E333-8FDC-42A3-9474-1A3956D46DE8}") = "Messaging", "Messaging", "{5F3617BB-6E13-451F-AC19-6294912D1656}"
EndProject
Project("{FAE04EC0-301F-11D3-BF4B-00C04F79EFBC}") = "RabbitAdp", "RabbitAdp\RabbitAdp.csproj", "{EEB3C8E7-A320-4E73-BB4F-59304CCDAB0A}"
EndProject
Project("{FAE04EC0-301F-11D3-BF4B-00C04F79EFBC}") = "Shared", "Shared\Shared.csproj", "{50ED6612-6034-484C-807A-61048406E7A3}"
EndProject
Project("{FAE04EC0-301F-11D3-BF4B-00C04F79EFBC}") = "DomainApp1", "DomainApp1\DomainApp1.csproj", "{254FC94A-A746-4C68-8EFB-89256FBE9683}"
EndProject
Project("{FAE04EC0-301F-11D3-BF4B-00C04F79EFBC}") = "SyncApp1", "SyncApp1\SyncApp1.csproj", "{B29892DC-4F47-406D-8069-1CA0C102FDFA}"
EndProject
Project("{FAE04EC0-301F-11D3-BF4B-00C04F79EFBC}") = "SyncApp3", "SyncApp3\SyncApp3.csproj", "{1015B2DE-C75E-4FB1-AD98-09115D5CABEE}"
EndProject
Project("{2150E333-8FDC-42A3-9474-1A3956D46DE8}") = "Team1", "Team1", "{5D8C7AE0-FB0F-4AB1-9151-7E0B9F8E245B}"
EndProject
Project("{2150E333-8FDC-42A3-9474-1A3956D46DE8}") = "Team2", "Team2", "{EC448B61-96B6-4534-AE98-F1D44D472214}"
EndProject
Project("{FAE04EC0-301F-11D3-BF4B-00C04F79EFBC}") = "SimpleTypes", "SimpleTypes\SimpleTypes.csproj", "{6E8692B3-029E-47E3-AF67-7A2DA881FBAB}"
EndProject
Project("{FAE04EC0-301F-11D3-BF4B-00C04F79EFBC}") = "DataGen2", "DataGen2\DataGen2.csproj", "{59A58B1C-788E-4078-95FD-B54AFFF31A36}"
EndProject
Project("{FAE04EC0-301F-11D3-BF4B-00C04F79EFBC}") = "SyncApp4", "SyncApp4\SyncApp4.csproj", "{02B6C9CC-356F-4D7D-B0E8-E87414BFA6BE}"
EndProject
Project("{FAE04EC0-301F-11D3-BF4B-00C04F79EFBC}") = "MessagingCommon", "MessagingCommon\MessagingCommon.csproj", "{C474CB5D-8C12-4081-9342-716BC99D352E}"
EndProject
Project("{2150E333-8FDC-42A3-9474-1A3956D46DE8}") = "Solution Items", "Solution Items", "{D61B50DA-DCDB-43BF-8DF5-8FD8FFF7259F}"
	ProjectSection(SolutionItems) = preProject
		.editorconfig = .editorconfig
	EndProjectSection
EndProject
Global
	GlobalSection(SolutionConfigurationPlatforms) = preSolution
		Debug|Any CPU = Debug|Any CPU
		Release|Any CPU = Release|Any CPU
	EndGlobalSection
	GlobalSection(ProjectConfigurationPlatforms) = postSolution
		{58385C61-3959-4CF5-8B5E-763BCB254D91}.Debug|Any CPU.ActiveCfg = Debug|Any CPU
		{58385C61-3959-4CF5-8B5E-763BCB254D91}.Debug|Any CPU.Build.0 = Debug|Any CPU
		{58385C61-3959-4CF5-8B5E-763BCB254D91}.Release|Any CPU.ActiveCfg = Release|Any CPU
		{58385C61-3959-4CF5-8B5E-763BCB254D91}.Release|Any CPU.Build.0 = Release|Any CPU
		{08F98F54-C402-44B0-9245-7EFDC815B705}.Debug|Any CPU.ActiveCfg = Debug|Any CPU
		{08F98F54-C402-44B0-9245-7EFDC815B705}.Debug|Any CPU.Build.0 = Debug|Any CPU
		{08F98F54-C402-44B0-9245-7EFDC815B705}.Release|Any CPU.ActiveCfg = Release|Any CPU
		{08F98F54-C402-44B0-9245-7EFDC815B705}.Release|Any CPU.Build.0 = Release|Any CPU
		{0513477A-C090-4DD5-B5C0-FA84738F9E8E}.Debug|Any CPU.ActiveCfg = Debug|Any CPU
		{0513477A-C090-4DD5-B5C0-FA84738F9E8E}.Debug|Any CPU.Build.0 = Debug|Any CPU
		{0513477A-C090-4DD5-B5C0-FA84738F9E8E}.Release|Any CPU.ActiveCfg = Release|Any CPU
		{0513477A-C090-4DD5-B5C0-FA84738F9E8E}.Release|Any CPU.Build.0 = Release|Any CPU
		{AEC12290-7F07-4D28-A9B6-442387EEB46A}.Debug|Any CPU.ActiveCfg = Debug|Any CPU
		{AEC12290-7F07-4D28-A9B6-442387EEB46A}.Debug|Any CPU.Build.0 = Debug|Any CPU
		{AEC12290-7F07-4D28-A9B6-442387EEB46A}.Release|Any CPU.ActiveCfg = Release|Any CPU
		{AEC12290-7F07-4D28-A9B6-442387EEB46A}.Release|Any CPU.Build.0 = Release|Any CPU
		{0149D36C-CBCC-4A1E-BF03-DC9CB1CE1351}.Debug|Any CPU.ActiveCfg = Debug|Any CPU
		{0149D36C-CBCC-4A1E-BF03-DC9CB1CE1351}.Debug|Any CPU.Build.0 = Debug|Any CPU
		{0149D36C-CBCC-4A1E-BF03-DC9CB1CE1351}.Release|Any CPU.ActiveCfg = Release|Any CPU
		{0149D36C-CBCC-4A1E-BF03-DC9CB1CE1351}.Release|Any CPU.Build.0 = Release|Any CPU
		{CF69020F-EE0C-40FF-9C48-CFD817F2548A}.Debug|Any CPU.ActiveCfg = Debug|Any CPU
		{CF69020F-EE0C-40FF-9C48-CFD817F2548A}.Debug|Any CPU.Build.0 = Debug|Any CPU
		{CF69020F-EE0C-40FF-9C48-CFD817F2548A}.Release|Any CPU.ActiveCfg = Release|Any CPU
		{CF69020F-EE0C-40FF-9C48-CFD817F2548A}.Release|Any CPU.Build.0 = Release|Any CPU
		{EEB3C8E7-A320-4E73-BB4F-59304CCDAB0A}.Debug|Any CPU.ActiveCfg = Debug|Any CPU
		{EEB3C8E7-A320-4E73-BB4F-59304CCDAB0A}.Debug|Any CPU.Build.0 = Debug|Any CPU
		{EEB3C8E7-A320-4E73-BB4F-59304CCDAB0A}.Release|Any CPU.ActiveCfg = Release|Any CPU
		{EEB3C8E7-A320-4E73-BB4F-59304CCDAB0A}.Release|Any CPU.Build.0 = Release|Any CPU
		{50ED6612-6034-484C-807A-61048406E7A3}.Debug|Any CPU.ActiveCfg = Debug|Any CPU
		{50ED6612-6034-484C-807A-61048406E7A3}.Debug|Any CPU.Build.0 = Debug|Any CPU
		{50ED6612-6034-484C-807A-61048406E7A3}.Release|Any CPU.ActiveCfg = Release|Any CPU
		{50ED6612-6034-484C-807A-61048406E7A3}.Release|Any CPU.Build.0 = Release|Any CPU
		{254FC94A-A746-4C68-8EFB-89256FBE9683}.Debug|Any CPU.ActiveCfg = Debug|Any CPU
		{254FC94A-A746-4C68-8EFB-89256FBE9683}.Debug|Any CPU.Build.0 = Debug|Any CPU
		{254FC94A-A746-4C68-8EFB-89256FBE9683}.Release|Any CPU.ActiveCfg = Release|Any CPU
		{254FC94A-A746-4C68-8EFB-89256FBE9683}.Release|Any CPU.Build.0 = Release|Any CPU
		{B29892DC-4F47-406D-8069-1CA0C102FDFA}.Debug|Any CPU.ActiveCfg = Debug|Any CPU
		{B29892DC-4F47-406D-8069-1CA0C102FDFA}.Debug|Any CPU.Build.0 = Debug|Any CPU
		{B29892DC-4F47-406D-8069-1CA0C102FDFA}.Release|Any CPU.ActiveCfg = Release|Any CPU
		{B29892DC-4F47-406D-8069-1CA0C102FDFA}.Release|Any CPU.Build.0 = Release|Any CPU
		{1015B2DE-C75E-4FB1-AD98-09115D5CABEE}.Debug|Any CPU.ActiveCfg = Debug|Any CPU
		{1015B2DE-C75E-4FB1-AD98-09115D5CABEE}.Debug|Any CPU.Build.0 = Debug|Any CPU
		{1015B2DE-C75E-4FB1-AD98-09115D5CABEE}.Release|Any CPU.ActiveCfg = Release|Any CPU
		{1015B2DE-C75E-4FB1-AD98-09115D5CABEE}.Release|Any CPU.Build.0 = Release|Any CPU
		{6E8692B3-029E-47E3-AF67-7A2DA881FBAB}.Debug|Any CPU.ActiveCfg = Debug|Any CPU
		{6E8692B3-029E-47E3-AF67-7A2DA881FBAB}.Debug|Any CPU.Build.0 = Debug|Any CPU
		{6E8692B3-029E-47E3-AF67-7A2DA881FBAB}.Release|Any CPU.ActiveCfg = Release|Any CPU
		{6E8692B3-029E-47E3-AF67-7A2DA881FBAB}.Release|Any CPU.Build.0 = Release|Any CPU
		{59A58B1C-788E-4078-95FD-B54AFFF31A36}.Debug|Any CPU.ActiveCfg = Debug|Any CPU
		{59A58B1C-788E-4078-95FD-B54AFFF31A36}.Debug|Any CPU.Build.0 = Debug|Any CPU
		{59A58B1C-788E-4078-95FD-B54AFFF31A36}.Release|Any CPU.ActiveCfg = Release|Any CPU
		{59A58B1C-788E-4078-95FD-B54AFFF31A36}.Release|Any CPU.Build.0 = Release|Any CPU
		{02B6C9CC-356F-4D7D-B0E8-E87414BFA6BE}.Debug|Any CPU.ActiveCfg = Debug|Any CPU
		{02B6C9CC-356F-4D7D-B0E8-E87414BFA6BE}.Debug|Any CPU.Build.0 = Debug|Any CPU
		{02B6C9CC-356F-4D7D-B0E8-E87414BFA6BE}.Release|Any CPU.ActiveCfg = Release|Any CPU
		{02B6C9CC-356F-4D7D-B0E8-E87414BFA6BE}.Release|Any CPU.Build.0 = Release|Any CPU
		{C474CB5D-8C12-4081-9342-716BC99D352E}.Debug|Any CPU.ActiveCfg = Debug|Any CPU
		{C474CB5D-8C12-4081-9342-716BC99D352E}.Debug|Any CPU.Build.0 = Debug|Any CPU
		{C474CB5D-8C12-4081-9342-716BC99D352E}.Release|Any CPU.ActiveCfg = Release|Any CPU
		{C474CB5D-8C12-4081-9342-716BC99D352E}.Release|Any CPU.Build.0 = Release|Any CPU
	EndGlobalSection
	GlobalSection(SolutionProperties) = preSolution
		HideSolutionNode = FALSE
	EndGlobalSection
	GlobalSection(NestedProjects) = preSolution
		{0513477A-C090-4DD5-B5C0-FA84738F9E8E} = {5D8C7AE0-FB0F-4AB1-9151-7E0B9F8E245B}
		{AEC12290-7F07-4D28-A9B6-442387EEB46A} = {5D8C7AE0-FB0F-4AB1-9151-7E0B9F8E245B}
		{0149D36C-CBCC-4A1E-BF03-DC9CB1CE1351} = {44EF0963-77EF-498C-9328-82347498AB50}
		{CF69020F-EE0C-40FF-9C48-CFD817F2548A} = {44EF0963-77EF-498C-9328-82347498AB50}
		{EEB3C8E7-A320-4E73-BB4F-59304CCDAB0A} = {5F3617BB-6E13-451F-AC19-6294912D1656}
		{254FC94A-A746-4C68-8EFB-89256FBE9683} = {5D8C7AE0-FB0F-4AB1-9151-7E0B9F8E245B}
		{B29892DC-4F47-406D-8069-1CA0C102FDFA} = {9010B6DE-29AA-4441-9785-4BBC62444583}
		{1015B2DE-C75E-4FB1-AD98-09115D5CABEE} = {5D8C7AE0-FB0F-4AB1-9151-7E0B9F8E245B}
		{5D8C7AE0-FB0F-4AB1-9151-7E0B9F8E245B} = {9010B6DE-29AA-4441-9785-4BBC62444583}
		{EC448B61-96B6-4534-AE98-F1D44D472214} = {9010B6DE-29AA-4441-9785-4BBC62444583}
		{6E8692B3-029E-47E3-AF67-7A2DA881FBAB} = {EC448B61-96B6-4534-AE98-F1D44D472214}
		{59A58B1C-788E-4078-95FD-B54AFFF31A36} = {EC448B61-96B6-4534-AE98-F1D44D472214}
		{02B6C9CC-356F-4D7D-B0E8-E87414BFA6BE} = {EC448B61-96B6-4534-AE98-F1D44D472214}
		{C474CB5D-8C12-4081-9342-716BC99D352E} = {5F3617BB-6E13-451F-AC19-6294912D1656}
	EndGlobalSection
	GlobalSection(ExtensibilityGlobals) = postSolution
		SolutionGuid = {75BB14AE-96EF-4564-B5D6-E1686D845DF0}
	EndGlobalSection
EndGlobal
